
Microsoft Visual Studio Solution File, Format Version 12.00
# Visual Studio 2012
Project("{FAE04EC0-301F-11D3-BF4B-00C04F79EFBC}") = "Pamukkale E-Bilet Satış Sistemi", "Pamukkale E-Bilet Satış Sistemi\Pamukkale E-Bilet Satış Sistemi.csproj", "{0DB4ABA6-AF00-49C6-AC65-DC1FE9A36C38}"
EndProject
Global
	GlobalSection(SolutionConfigurationPlatforms) = preSolution
		Debug|Any CPU = Debug|Any CPU
		Release|Any CPU = Release|Any CPU
	EndGlobalSection
	GlobalSection(ProjectConfigurationPlatforms) = postSolution
		{0DB4ABA6-AF00-49C6-AC65-DC1FE9A36C38}.Debug|Any CPU.ActiveCfg = Debug|Any CPU
		{0DB4ABA6-AF00-49C6-AC65-DC1FE9A36C38}.Debug|Any CPU.Build.0 = Debug|Any CPU
		{0DB4ABA6-AF00-49C6-AC65-DC1FE9A36C38}.Release|Any CPU.ActiveCfg = Release|Any CPU
		{0DB4ABA6-AF00-49C6-AC65-DC1FE9A36C38}.Release|Any CPU.Build.0 = Release|Any CPU
	EndGlobalSection
	GlobalSection(SolutionProperties) = preSolution
		HideSolutionNode = FALSE
	EndGlobalSection
EndGlobal
